
Microsoft Visual Studio Solution File, Format Version 12.00
# Visual Studio Version 16
VisualStudioVersion = 16.0.30717.126
MinimumVisualStudioVersion = 10.0.40219.1
Project("{9A19103F-16F7-4668-BE54-9A1E7A4F7556}") = "TollFeeCalculator", "TollFeeCalculator\TollFeeCalculator.csproj", "{BE712AAD-8D39-481D-BD2F-D5AD088F9710}"
EndProject
Project("{FAE04EC0-301F-11D3-BF4B-00C04F79EFBC}") = "TollFeeCalculatorTests", "TollFeeCalculatorTests\TollFeeCalculatorTests.csproj", "{010CF889-0A2C-45A1-8A37-D2672B734695}"
EndProject
Global
	GlobalSection(SolutionConfigurationPlatforms) = preSolution
		Debug|Any CPU = Debug|Any CPU
		Release|Any CPU = Release|Any CPU
	EndGlobalSection
	GlobalSection(ProjectConfigurationPlatforms) = postSolution
		{BE712AAD-8D39-481D-BD2F-D5AD088F9710}.Debug|Any CPU.ActiveCfg = Debug|Any CPU
		{BE712AAD-8D39-481D-BD2F-D5AD088F9710}.Debug|Any CPU.Build.0 = Debug|Any CPU
		{BE712AAD-8D39-481D-BD2F-D5AD088F9710}.Release|Any CPU.ActiveCfg = Release|Any CPU
		{BE712AAD-8D39-481D-BD2F-D5AD088F9710}.Release|Any CPU.Build.0 = Release|Any CPU
		{010CF889-0A2C-45A1-8A37-D2672B734695}.Debug|Any CPU.ActiveCfg = Debug|Any CPU
		{010CF889-0A2C-45A1-8A37-D2672B734695}.Debug|Any CPU.Build.0 = Debug|Any CPU
		{010CF889-0A2C-45A1-8A37-D2672B734695}.Release|Any CPU.ActiveCfg = Release|Any CPU
		{010CF889-0A2C-45A1-8A37-D2672B734695}.Release|Any CPU.Build.0 = Release|Any CPU
	EndGlobalSection
	GlobalSection(SolutionProperties) = preSolution
		HideSolutionNode = FALSE
	EndGlobalSection
	GlobalSection(ExtensibilityGlobals) = postSolution
		SolutionGuid = {AEAA625A-1C85-411F-83F6-D35C73195813}
	EndGlobalSection
EndGlobal
